{
  "name": "parse_csv",
  "version": "0.0.1",
  "lockfileVersion": 1,
  "requires": true,
  "dependencies": {
    "csv-parse": {
      "version": "2.1.0",
      "resolved": "https://registry.npmjs.org/csv-parse/-/csv-parse-2.1.0.tgz",
      "integrity": "sha512-tUTdmYzT0J8gqwmW3nzwKt7hl8AZ0HtEXk6SYgTWX2+3KNFiDVcAYNebBsjeCaGCZrZLHDy+W20voZDY7f/oeA=="
    }
  }
}
